
Microsoft Visual Studio Solution File, Format Version 12.00
# Visual Studio Version 17
VisualStudioVersion = 17.3.32901.215
MinimumVisualStudioVersion = 10.0.40219.1
Project("{FAE04EC0-301F-11D3-BF4B-00C04F79EFBC}") = "Mid_Assignment", "Mid_Assignment.csproj", "{3AFCDD4E-F527-498F-9BCA-368763EEC484}"
EndProject
Global
	GlobalSection(SolutionConfigurationPlatforms) = preSolution
		Debug|Any CPU = Debug|Any CPU
		Release|Any CPU = Release|Any CPU
	EndGlobalSection
	GlobalSection(ProjectConfigurationPlatforms) = postSolution
		{3AFCDD4E-F527-498F-9BCA-368763EEC484}.Debug|Any CPU.ActiveCfg = Debug|Any CPU
		{3AFCDD4E-F527-498F-9BCA-368763EEC484}.Debug|Any CPU.Build.0 = Debug|Any CPU
		{3AFCDD4E-F527-498F-9BCA-368763EEC484}.Release|Any CPU.ActiveCfg = Release|Any CPU
		{3AFCDD4E-F527-498F-9BCA-368763EEC484}.Release|Any CPU.Build.0 = Release|Any CPU
	EndGlobalSection
	GlobalSection(SolutionProperties) = preSolution
		HideSolutionNode = FALSE
	EndGlobalSection
	GlobalSection(ExtensibilityGlobals) = postSolution
		SolutionGuid = {542D110E-45A5-43EE-8325-D8860F1EFD75}
	EndGlobalSection
EndGlobal
